
Microsoft Visual Studio Solution File, Format Version 11.00
# Visual C# Express 2010
Project("{FAE04EC0-301F-11D3-BF4B-00C04F79EFBC}") = "PluginTOE895x", "PluginTOE895x\PluginTOE895x.csproj", "{5EEEB249-9493-433F-A73D-000851D9BFBD}"
EndProject
Global
	GlobalSection(SolutionConfigurationPlatforms) = preSolution
		Debug|Any CPU = Debug|Any CPU
		Release|Any CPU = Release|Any CPU
	EndGlobalSection
	GlobalSection(ProjectConfigurationPlatforms) = postSolution
		{5EEEB249-9493-433F-A73D-000851D9BFBD}.Debug|Any CPU.ActiveCfg = Debug|Any CPU
		{5EEEB249-9493-433F-A73D-000851D9BFBD}.Debug|Any CPU.Build.0 = Debug|Any CPU
		{5EEEB249-9493-433F-A73D-000851D9BFBD}.Release|Any CPU.ActiveCfg = Release|Any CPU
		{5EEEB249-9493-433F-A73D-000851D9BFBD}.Release|Any CPU.Build.0 = Release|Any CPU
	EndGlobalSection
	GlobalSection(SolutionProperties) = preSolution
		HideSolutionNode = FALSE
	EndGlobalSection
EndGlobal
